
Microsoft Visual Studio Solution File, Format Version 12.00
# Visual Studio 15
VisualStudioVersion = 15.0.27428.2037
MinimumVisualStudioVersion = 10.0.40219.1
Project("{FAE04EC0-301F-11D3-BF4B-00C04F79EFBC}") = "BasisForDeveloper", "BasisForDeveloper\BasisForDeveloper.csproj", "{47791E1F-956E-4FCF-AB0F-5C68FD2F9404}"
EndProject
Global
	GlobalSection(SolutionConfigurationPlatforms) = preSolution
		Debug|Any CPU = Debug|Any CPU
		Release|Any CPU = Release|Any CPU
	EndGlobalSection
	GlobalSection(ProjectConfigurationPlatforms) = postSolution
		{47791E1F-956E-4FCF-AB0F-5C68FD2F9404}.Debug|Any CPU.ActiveCfg = Debug|Any CPU
		{47791E1F-956E-4FCF-AB0F-5C68FD2F9404}.Debug|Any CPU.Build.0 = Debug|Any CPU
		{47791E1F-956E-4FCF-AB0F-5C68FD2F9404}.Release|Any CPU.ActiveCfg = Release|Any CPU
		{47791E1F-956E-4FCF-AB0F-5C68FD2F9404}.Release|Any CPU.Build.0 = Release|Any CPU
	EndGlobalSection
	GlobalSection(SolutionProperties) = preSolution
		HideSolutionNode = FALSE
	EndGlobalSection
	GlobalSection(ExtensibilityGlobals) = postSolution
		SolutionGuid = {20F36269-632F-4EC1-8863-920D7D29B509}
	EndGlobalSection
EndGlobal
